
Microsoft Visual Studio Solution File, Format Version 12.00
# Visual Studio Version 17
VisualStudioVersion = 17.10.34916.146
MinimumVisualStudioVersion = 10.0.40219.1
Project("{FAE04EC0-301F-11D3-BF4B-00C04F79EFBC}") = "Email-Integration", "Email-Integration\Email-Integration.csproj", "{8F5AD169-7114-46F1-BD8A-45F0D8EBB6D0}"
EndProject
Global
	GlobalSection(SolutionConfigurationPlatforms) = preSolution
		Debug|Any CPU = Debug|Any CPU
		Release|Any CPU = Release|Any CPU
	EndGlobalSection
	GlobalSection(ProjectConfigurationPlatforms) = postSolution
		{8F5AD169-7114-46F1-BD8A-45F0D8EBB6D0}.Debug|Any CPU.ActiveCfg = Debug|Any CPU
		{8F5AD169-7114-46F1-BD8A-45F0D8EBB6D0}.Debug|Any CPU.Build.0 = Debug|Any CPU
		{8F5AD169-7114-46F1-BD8A-45F0D8EBB6D0}.Release|Any CPU.ActiveCfg = Release|Any CPU
		{8F5AD169-7114-46F1-BD8A-45F0D8EBB6D0}.Release|Any CPU.Build.0 = Release|Any CPU
	EndGlobalSection
	GlobalSection(SolutionProperties) = preSolution
		HideSolutionNode = FALSE
	EndGlobalSection
	GlobalSection(ExtensibilityGlobals) = postSolution
		SolutionGuid = {EC516408-F574-48CD-B5B4-D3F551C2F893}
	EndGlobalSection
EndGlobal
